
Microsoft Visual Studio Solution File, Format Version 12.00
# Visual Studio Version 17
VisualStudioVersion = 17.8.34330.188
MinimumVisualStudioVersion = 10.0.40219.1
Project("{FAE04EC0-301F-11D3-BF4B-00C04F79EFBC}") = "ejemplo1", "ejemplo1\ejemplo1.csproj", "{234BE87C-9B89-4EA0-9D74-F23CEE502674}"
EndProject
Global
	GlobalSection(SolutionConfigurationPlatforms) = preSolution
		Debug|Any CPU = Debug|Any CPU
		Release|Any CPU = Release|Any CPU
	EndGlobalSection
	GlobalSection(ProjectConfigurationPlatforms) = postSolution
		{234BE87C-9B89-4EA0-9D74-F23CEE502674}.Debug|Any CPU.ActiveCfg = Debug|Any CPU
		{234BE87C-9B89-4EA0-9D74-F23CEE502674}.Debug|Any CPU.Build.0 = Debug|Any CPU
		{234BE87C-9B89-4EA0-9D74-F23CEE502674}.Release|Any CPU.ActiveCfg = Release|Any CPU
		{234BE87C-9B89-4EA0-9D74-F23CEE502674}.Release|Any CPU.Build.0 = Release|Any CPU
	EndGlobalSection
	GlobalSection(SolutionProperties) = preSolution
		HideSolutionNode = FALSE
	EndGlobalSection
	GlobalSection(ExtensibilityGlobals) = postSolution
		SolutionGuid = {DE6A82F3-3DE5-478C-96ED-2378AFE4E4E8}
	EndGlobalSection
EndGlobal
